<Solution>
  <Folder Name="/src/">
    <Project Path="src/CambioReal.Contracts/CambioReal.Contracts.csproj" />
    <Project Path="src/CambioReal.Kira.Client/CambioReal.Kira.Client.csproj" />
  </Folder>
  <Folder Name="/tests/">
    <Project Path="tests/CambioReal.Contracts.Tests/CambioReal.Contracts.Tests.csproj" />
    <Project Path="tests/CambioReal.Kira.Client.Tests/CambioReal.Kira.Client.Tests.csproj" />
  </Folder>
</Solution>
